// !$*UTF8*$!
{
	archiveVersion = 1;
	classes = {
	};
	objectVersion = 77;
	objects = {

/* Begin PBXContainerItemProxy section */
		D12BE3412D7E892E002C883B /* PBXContainerItemProxy */ = {
			isa = PBXContainerItemProxy;
			containerPortal = D12BE3222D7E892B002C883B /* Project object */;
			proxyType = 1;
			remoteGlobalIDString = D12BE3292D7E892B002C883B;
			remoteInfo = insectiscan;
		};
		D12BE34B2D7E892E002C883B /* PBXContainerItemProxy */ = {
			isa = PBXContainerItemProxy;
			containerPortal = D12BE3222D7E892B002C883B /* Project object */;
			proxyType = 1;
			remoteGlobalIDString = D12BE3292D7E892B002C883B;
			remoteInfo = insectiscan;
		};
/* End PBXContainerItemProxy section */

/* Begin PBXFileReference section */
		D12BE32A2D7E892B002C883B /* insectiscan.app */ = {isa = PBXFileReference; explicitFileType = wrapper.application; includeInIndex = 0; path = insectiscan.app; sourceTree = BUILT_PRODUCTS_DIR; };
		D12BE3402D7E892E002C883B /* insectiscanTests.xctest */ = {isa = PBXFileReference; explicitFileType = wrapper.cfbundle; includeInIndex = 0; path = insectiscanTests.xctest; sourceTree = BUILT_PRODUCTS_DIR; };
		D12BE34A2D7E892E002C883B /* insectiscanUITests.xctest */ = {isa = PBXFileReference; explicitFileType = wrapper.cfbundle; includeInIndex = 0; path = insectiscanUITests.xctest; sourceTree = BUILT_PRODUCTS_DIR; };
/* End PBXFileReference section */

/* Begin PBXFileSystemSynchronizedBuildFileExceptionSet section */
		D12BE3522D7E892E002C883B /* Exceptions for "insectiscan" folder in "insectiscan" target */ = {
			isa = PBXFileSystemSynchronizedBuildFileExceptionSet;
			membershipExceptions = (
				Info.plist,
			);
			target = D12BE3292D7E892B002C883B /* insectiscan */;
		};
/* End PBXFileSystemSynchronizedBuildFileExceptionSet section */

/* Begin PBXFileSystemSynchronizedRootGroup section */
		D12BE32C2D7E892B002C883B /* insectiscan */ = {
			isa = PBXFileSystemSynchronizedRootGroup;
			exceptions = (
				D12BE3522D7E892E002C883B /* Exceptions for "insectiscan" folder in "insectiscan" target */,
			);
			path = insectiscan;
			sourceTree = "<group>";
		};
		D12BE3432D7E892E002C883B /* insectiscanTests */ = {
			isa = PBXFileSystemSynchronizedRootGroup;
			path = insectiscanTests;
			sourceTree = "<group>";
		};
		D12BE34D2D7E892E002C883B /* insectiscanUITests */ = {
			isa = PBXFileSystemSynchronizedRootGroup;
			path = insectiscanUITests;
			sourceTree = "<group>";
		};
/* End PBXFileSystemSynchronizedRootGroup section */

/* Begin PBXFrameworksBuildPhase section */
		D12BE3272D7E892B002C883B /* Frameworks */ = {
			isa = PBXFrameworksBuildPhase;
			buildActionMask = 2147483647;
			files = (
			);
			runOnlyForDeploymentPostprocessing = 0;
		};
		D12BE33D2D7E892E002C883B /* Frameworks */ = {
			isa = PBXFrameworksBuildPhase;
			buildActionMask = 2147483647;
			files = (
			);
			runOnlyForDeploymentPostprocessing = 0;
		};
		D12BE3472D7E892E002C883B /* Frameworks */ = {
			isa = PBXFrameworksBuildPhase;
			buildActionMask = 2147483647;
			files = (
			);
			runOnlyForDeploymentPostprocessing = 0;
		};
/* End PBXFrameworksBuildPhase section */

/* Begin PBXGroup section */
		D12BE3212D7E892B002C883B = {
			isa = PBXGroup;
			children = (
				D12BE32C2D7E892B002C883B /* insectiscan */,
				D12BE3432D7E892E002C883B /* insectiscanTests */,
				D12BE34D2D7E892E002C883B /* insectiscanUITests */,
				D12BE32B2D7E892B002C883B /* Products */,
			);
			sourceTree = "<group>";
		};
		D12BE32B2D7E892B002C883B /* Products */ = {
			isa = PBXGroup;
			children = (
				D12BE32A2D7E892B002C883B /* insectiscan.app */,
				D12BE3402D7E892E002C883B /* insectiscanTests.xctest */,
				D12BE34A2D7E892E002C883B /* insectiscanUITests.xctest */,
			);
			name = Products;
			sourceTree = "<group>";
		};
/* End PBXGroup section */

/* Begin PBXNativeTarget section */
		D12BE3292D7E892B002C883B /* insectiscan */ = {
			isa = PBXNativeTarget;
			buildConfigurationList = D12BE3532D7E892E002C883B /* Build configuration list for PBXNativeTarget "insectiscan" */;
			buildPhases = (
				D12BE3262D7E892B002C883B /* Sources */,
				D12BE3272D7E892B002C883B /* Frameworks */,
				D12BE3282D7E892B002C883B /* Resources */,
			);
			buildRules = (
			);
			dependencies = (
			);
			fileSystemSynchronizedGroups = (
				D12BE32C2D7E892B002C883B /* insectiscan */,
			);
			name = insectiscan;
			packageProductDependencies = (
			);
			productName = insectiscan;
			productReference = D12BE32A2D7E892B002C883B /* insectiscan.app */;
			productType = "com.apple.product-type.application";
		};
		D12BE33F2D7E892E002C883B /* insectiscanTests */ = {
			isa = PBXNativeTarget;
			buildConfigurationList = D12BE3582D7E892E002C883B /* Build configuration list for PBXNativeTarget "insectiscanTests" */;
			buildPhases = (
				D12BE33C2D7E892E002C883B /* Sources */,
				D12BE33D2D7E892E002C883B /* Frameworks */,
				D12BE33E2D7E892E002C883B /* Resources */,
			);
			buildRules = (
			);
			dependencies = (
				D12BE3422D7E892E002C883B /* PBXTargetDependency */,
			);
			fileSystemSynchronizedGroups = (
				D12BE3432D7E892E002C883B /* insectiscanTests */,
			);
			name = insectiscanTests;
			packageProductDependencies = (
			);
			productName = insectiscanTests;
			productReference = D12BE3402D7E892E002C883B /* insectiscanTests.xctest */;
			productType = "com.apple.product-type.bundle.unit-test";
		};
		D12BE3492D7E892E002C883B /* insectiscanUITests */ = {
			isa = PBXNativeTarget;
			buildConfigurationList = D12BE35B2D7E892E002C883B /* Build configuration list for PBXNativeTarget "insectiscanUITests" */;
			buildPhases = (
				D12BE3462D7E892E002C883B /* Sources */,
				D12BE3472D7E892E002C883B /* Frameworks */,
				D12BE3482D7E892E002C883B /* Resources */,
			);
			buildRules = (
			);
			dependencies = (
				D12BE34C2D7E892E002C883B /* PBXTargetDependency */,
			);
			fileSystemSynchronizedGroups = (
				D12BE34D2D7E892E002C883B /* insectiscanUITests */,
			);
			name = insectiscanUITests;
			packageProductDependencies = (
			);
			productName = insectiscanUITests;
			productReference = D12BE34A2D7E892E002C883B /* insectiscanUITests.xctest */;
			productType = "com.apple.product-type.bundle.ui-testing";
		};
/* End PBXNativeTarget section */

/* Begin PBXProject section */
		D12BE3222D7E892B002C883B /* Project object */ = {
			isa = PBXProject;
			attributes = {
				BuildIndependentTargetsInParallel = 1;
				LastSwiftUpdateCheck = 1620;
				LastUpgradeCheck = 1620;
				TargetAttributes = {
					D12BE3292D7E892B002C883B = {
						CreatedOnToolsVersion = 16.2;
					};
					D12BE33F2D7E892E002C883B = {
						CreatedOnToolsVersion = 16.2;
						TestTargetID = D12BE3292D7E892B002C883B;
					};
					D12BE3492D7E892E002C883B = {
						CreatedOnToolsVersion = 16.2;
						TestTargetID = D12BE3292D7E892B002C883B;
					};
				};
			};
			buildConfigurationList = D12BE3252D7E892B002C883B /* Build configuration list for PBXProject "insectiscan" */;
			developmentRegion = en;
			hasScannedForEncodings = 0;
			knownRegions = (
				en,
				Base,
			);
			mainGroup = D12BE3212D7E892B002C883B;
			minimizedProjectReferenceProxies = 1;
			preferredProjectObjectVersion = 77;
			productRefGroup = D12BE32B2D7E892B002C883B /* Products */;
			projectDirPath = "";
			projectRoot = "";
			targets = (
				D12BE3292D7E892B002C883B /* insectiscan */,
				D12BE33F2D7E892E002C883B /* insectiscanTests */,
				D12BE3492D7E892E002C883B /* insectiscanUITests */,
			);
		};
/* End PBXProject section */

/* Begin PBXResourcesBuildPhase section */
		D12BE3282D7E892B002C883B /* Resources */ = {
			isa = PBXResourcesBuildPhase;
			buildActionMask = 2147483647;
			files = (
			);
			runOnlyForDeploymentPostprocessing = 0;
		};
		D12BE33E2D7E892E002C883B /* Resources */ = {
			isa = PBXResourcesBuildPhase;
			buildActionMask = 2147483647;
			files = (
			);
			runOnlyForDeploymentPostprocessing = 0;
		};
		D12BE3482D7E892E002C883B /* Resources */ = {
			isa = PBXResourcesBuildPhase;
			buildActionMask = 2147483647;
			files = (
			);
			runOnlyForDeploymentPostprocessing = 0;
		};
/* End PBXResourcesBuildPhase section */

/* Begin PBXSourcesBuildPhase section */
		D12BE3262D7E892B002C883B /* Sources */ = {
			isa = PBXSourcesBuildPhase;
			buildActionMask = 2147483647;
			files = (
			);
			runOnlyForDeploymentPostprocessing = 0;
		};
		D12BE33C2D7E892E002C883B /* Sources */ = {
			isa = PBXSourcesBuildPhase;
			buildActionMask = 2147483647;
			files = (
			);
			runOnlyForDeploymentPostprocessing = 0;
		};
		D12BE3462D7E892E002C883B /* Sources */ = {
			isa = PBXSourcesBuildPhase;
			buildActionMask = 2147483647;
			files = (
			);
			runOnlyForDeploymentPostprocessing = 0;
		};
/* End PBXSourcesBuildPhase section */

/* Begin PBXTargetDependency section */
		D12BE3422D7E892E002C883B /* PBXTargetDependency */ = {
			isa = PBXTargetDependency;
			target = D12BE3292D7E892B002C883B /* insectiscan */;
			targetProxy = D12BE3412D7E892E002C883B /* PBXContainerItemProxy */;
		};
		D12BE34C2D7E892E002C883B /* PBXTargetDependency */ = {
			isa = PBXTargetDependency;
			target = D12BE3292D7E892B002C883B /* insectiscan */;
			targetProxy = D12BE34B2D7E892E002C883B /* PBXContainerItemProxy */;
		};
/* End PBXTargetDependency section */

/* Begin XCBuildConfiguration section */
		D12BE3542D7E892E002C883B /* Debug */ = {
			isa = XCBuildConfiguration;
			buildSettings = {
				ASSETCATALOG_COMPILER_APPICON_NAME = AppIcon;
				ASSETCATALOG_COMPILER_GLOBAL_ACCENT_COLOR_NAME = AccentColor;
				CODE_SIGN_STYLE = Automatic;
				CURRENT_PROJECT_VERSION = 1;
				GENERATE_INFOPLIST_FILE = YES;
				INFOPLIST_FILE = insectiscan/Info.plist;
				INFOPLIST_KEY_UIApplicationSupportsIndirectInputEvents = YES;
				INFOPLIST_KEY_UILaunchStoryboardName = LaunchScreen;
				INFOPLIST_KEY_UIMainStoryboardFile = Main;
				INFOPLIST_KEY_UISupportedInterfaceOrientations_iPad = "UIInterfaceOrientationPortrait UIInterfaceOrientationPortraitUpsideDown UIInterfaceOrientationLandscapeLeft UIInterfaceOrientationLandscapeRight";
				INFOPLIST_KEY_UISupportedInterfaceOrientations_iPhone = "UIInterfaceOrientationPortrait UIInterfaceOrientationLandscapeLeft UIInterfaceOrientationLandscapeRight";
				LD_RUNPATH_SEARCH_PATHS = (
					"$(inherited)",
					"@executable_path/Frameworks",
				);
				MARKETING_VERSION = 1.0;
				PRODUCT_BUNDLE_IDENTIFIER = io.github.insectiscan.insectiscan;
				PRODUCT_NAME = "$(TARGET_NAME)";
				SWIFT_EMIT_LOC_STRINGS = YES;
				SWIFT_VERSION = 5.0;
				TARGETED_DEVICE_FAMILY = "1,2";
			};
			name = Debug;
		};
		D12BE3552D7E892E002C883B /* Release */ = {
			isa = XCBuildConfiguration;
			buildSettings = {
				ASSETCATALOG_COMPILER_APPICON_NAME = AppIcon;
				ASSETCATALOG_COMPILER_GLOBAL_ACCENT_COLOR_NAME = AccentColor;
				CODE_SIGN_STYLE = Automatic;
				CURRENT_PROJECT_VERSION = 1;
				GENERATE_INFOPLIST_FILE = YES;
				INFOPLIST_FILE = insectiscan/Info.plist;
				INFOPLIST_KEY_UIApplicationSupportsIndirectInputEvents = YES;
				INFOPLIST_KEY_UILaunchStoryboardName = LaunchScreen;
				INFOPLIST_KEY_UIMainStoryboardFile = Main;
				INFOPLIST_KEY_UISupportedInterfaceOrientations_iPad = "UIInterfaceOrientationPortrait UIInterfaceOrientationPortraitUpsideDown UIInterfaceOrientationLandscapeLeft UIInterfaceOrientationLandscapeRight";
				INFOPLIST_KEY_UISupportedInterfaceOrientations_iPhone = "UIInterfaceOrientationPortrait UIInterfaceOrientationLandscapeLeft UIInterfaceOrientationLandscapeRight";
				LD_RUNPATH_SEARCH_PATHS = (
					"$(inherited)",
					"@executable_path/Frameworks",
				);
				MARKETING_VERSION = 1.0;
				PRODUCT_BUNDLE_IDENTIFIER = io.github.insectiscan.insectiscan;
				PRODUCT_NAME = "$(TARGET_NAME)";
				SWIFT_EMIT_LOC_STRINGS = YES;
				SWIFT_VERSION = 5.0;
				TARGETED_DEVICE_FAMILY = "1,2";
			};
			name = Release;
		};
		D12BE3562D7E892E002C883B /* Debug */ = {
			isa = XCBuildConfiguration;
			buildSettings = {
				ALWAYS_SEARCH_USER_PATHS = NO;
				ASSETCATALOG_COMPILER_GENERATE_SWIFT_ASSET_SYMBOL_EXTENSIONS = YES;
				CLANG_ANALYZER_NONNULL = YES;
				CLANG_ANALYZER_NUMBER_OBJECT_CONVERSION = YES_AGGRESSIVE;
				CLANG_CXX_LANGUAGE_STANDARD = "gnu++20";
				CLANG_ENABLE_MODULES = YES;
				CLANG_ENABLE_OBJC_ARC = YES;
				CLANG_ENABLE_OBJC_WEAK = YES;
				CLANG_WARN_BLOCK_CAPTURE_AUTORELEASING = YES;
				CLANG_WARN_BOOL_CONVERSION = YES;
				CLANG_WARN_COMMA = YES;
				CLANG_WARN_CONSTANT_CONVERSION = YES;
				CLANG_WARN_DEPRECATED_OBJC_IMPLEMENTATIONS = YES;
				CLANG_WARN_DIRECT_OBJC_ISA_USAGE = YES_ERROR;
				CLANG_WARN_DOCUMENTATION_COMMENTS = YES;
				CLANG_WARN_EMPTY_BODY = YES;
				CLANG_WARN_ENUM_CONVERSION = YES;
				CLANG_WARN_INFINITE_RECURSION = YES;
				CLANG_WARN_INT_CONVERSION = YES;
				CLANG_WARN_NON_LITERAL_NULL_CONVERSION = YES;
				CLANG_WARN_OBJC_IMPLICIT_RETAIN_SELF = YES;
				CLANG_WARN_OBJC_LITERAL_CONVERSION = YES;
				CLANG_WARN_OBJC_ROOT_CLASS = YES_ERROR;
				CLANG_WARN_QUOTED_INCLUDE_IN_FRAMEWORK_HEADER = YES;
				CLANG_WARN_RANGE_LOOP_ANALYSIS = YES;
				CLANG_WARN_STRICT_PROTOTYPES = YES;
				CLANG_WARN_SUSPICIOUS_MOVE = YES;
				CLANG_WARN_UNGUARDED_AVAILABILITY = YES_AGGRESSIVE;
				CLANG_WARN_UNREACHABLE_CODE = YES;
				CLANG_WARN__DUPLICATE_METHOD_MATCH = YES;
				COPY_PHASE_STRIP = NO;
				DEBUG_INFORMATION_FORMAT = dwarf;
				ENABLE_STRICT_OBJC_MSGSEND = YES;
				ENABLE_TESTABILITY = YES;
				ENABLE_USER_SCRIPT_SANDBOXING = YES;
				GCC_C_LANGUAGE_STANDARD = gnu17;
				GCC_DYNAMIC_NO_PIC = NO;
				GCC_NO_COMMON_BLOCKS = YES;
				GCC_OPTIMIZATION_LEVEL = 0;
				GCC_PREPROCESSOR_DEFINITIONS = (
					"DEBUG=1",
					"$(inherited)",
				);
				GCC_WARN_64_TO_32_BIT_CONVERSION = YES;
				GCC_WARN_ABOUT_RETURN_TYPE = YES_ERROR;
				GCC_WARN_UNDECLARED_SELECTOR = YES;
				GCC_WARN_UNINITIALIZED_AUTOS = YES_AGGRESSIVE;
				GCC_WARN_UNUSED_FUNCTION = YES;
				GCC_WARN_UNUSED_VARIABLE = YES;
				IPHONEOS_DEPLOYMENT_TARGET = 18.2;
				LOCALIZATION_PREFERS_STRING_CATALOGS = YES;
				MTL_ENABLE_DEBUG_INFO = INCLUDE_SOURCE;
				MTL_FAST_MATH = YES;
				ONLY_ACTIVE_ARCH = YES;
				SDKROOT = iphoneos;
				SWIFT_ACTIVE_COMPILATION_CONDITIONS = "DEBUG $(inherited)";
				SWIFT_OPTIMIZATION_LEVEL = "-Onone";
			};
			name = Debug;
		};
		D12BE3572D7E892E002C883B /* Release */ = {
			isa = XCBuildConfiguration;
			buildSettings = {
				ALWAYS_SEARCH_USER_PATHS = NO;
				ASSETCATALOG_COMPILER_GENERATE_SWIFT_ASSET_SYMBOL_EXTENSIONS = YES;
				CLANG_ANALYZER_NONNULL = YES;
				CLANG_ANALYZER_NUMBER_OBJECT_CONVERSION = YES_AGGRESSIVE;
				CLANG_CXX_LANGUAGE_STANDARD = "gnu++20";
				CLANG_ENABLE_MODULES = YES;
				CLANG_ENABLE_OBJC_ARC = YES;
				CLANG_ENABLE_OBJC_WEAK = YES;
				CLANG_WARN_BLOCK_CAPTURE_AUTORELEASING = YES;
				CLANG_WARN_BOOL_CONVERSION = YES;
				CLANG_WARN_COMMA = YES;
				CLANG_WARN_CONSTANT_CONVERSION = YES;
				CLANG_WARN_DEPRECATED_OBJC_IMPLEMENTATIONS = YES;
				CLANG_WARN_DIRECT_OBJC_ISA_USAGE = YES_ERROR;
				CLANG_WARN_DOCUMENTATION_COMMENTS = YES;
				CLANG_WARN_EMPTY_BODY = YES;
				CLANG_WARN_ENUM_CONVERSION = YES;
				CLANG_WARN_INFINITE_RECURSION = YES;
				CLANG_WARN_INT_CONVERSION = YES;
				CLANG_WARN_NON_LITERAL_NULL_CONVERSION = YES;
				CLANG_WARN_OBJC_IMPLICIT_RETAIN_SELF = YES;
				CLANG_WARN_OBJC_LITERAL_CONVERSION = YES;
				CLANG_WARN_OBJC_ROOT_CLASS = YES_ERROR;
				CLANG_WARN_QUOTED_INCLUDE_IN_FRAMEWORK_HEADER = YES;
				CLANG_WARN_RANGE_LOOP_ANALYSIS = YES;
				CLANG_WARN_STRICT_PROTOTYPES = YES;
				CLANG_WARN_SUSPICIOUS_MOVE = YES;
				CLANG_WARN_UNGUARDED_AVAILABILITY = YES_AGGRESSIVE;
				CLANG_WARN_UNREACHABLE_CODE = YES;
				CLANG_WARN__DUPLICATE_METHOD_MATCH = YES;
				COPY_PHASE_STRIP = NO;
				DEBUG_INFORMATION_FORMAT = "dwarf-with-dsym";
				ENABLE_NS_ASSERTIONS = NO;
				ENABLE_STRICT_OBJC_MSGSEND = YES;
				ENABLE_USER_SCRIPT_SANDBOXING = YES;
				GCC_C_LANGUAGE_STANDARD = gnu17;
				GCC_NO_COMMON_BLOCKS = YES;
				GCC_WARN_64_TO_32_BIT_CONVERSION = YES;
				GCC_WARN_ABOUT_RETURN_TYPE = YES_ERROR;
				GCC_WARN_UNDECLARED_SELECTOR = YES;
				GCC_WARN_UNINITIALIZED_AUTOS = YES_AGGRESSIVE;
				GCC_WARN_UNUSED_FUNCTION = YES;
				GCC_WARN_UNUSED_VARIABLE = YES;
				IPHONEOS_DEPLOYMENT_TARGET = 18.2;
				LOCALIZATION_PREFERS_STRING_CATALOGS = YES;
				MTL_ENABLE_DEBUG_INFO = NO;
				MTL_FAST_MATH = YES;
				SDKROOT = iphoneos;
				SWIFT_COMPILATION_MODE = wholemodule;
				VALIDATE_PRODUCT = YES;
			};
			name = Release;
		};
		D12BE3592D7E892E002C883B /* Debug */ = {
			isa = XCBuildConfiguration;
			buildSettings = {
				BUNDLE_LOADER = "$(TEST_HOST)";
				CODE_SIGN_STYLE = Automatic;
				CURRENT_PROJECT_VERSION = 1;
				GENERATE_INFOPLIST_FILE = YES;
				IPHONEOS_DEPLOYMENT_TARGET = 18.2;
				MARKETING_VERSION = 1.0;
				PRODUCT_BUNDLE_IDENTIFIER = io.github.insectiscan.insectiscanTests;
				PRODUCT_NAME = "$(TARGET_NAME)";
				SWIFT_EMIT_LOC_STRINGS = NO;
				SWIFT_VERSION = 5.0;
				TARGETED_DEVICE_FAMILY = "1,2";
				TEST_HOST = "$(BUILT_PRODUCTS_DIR)/insectiscan.app/$(BUNDLE_EXECUTABLE_FOLDER_PATH)/insectiscan";
			};
			name = Debug;
		};
		D12BE35A2D7E892E002C883B /* Release */ = {
			isa = XCBuildConfiguration;
			buildSettings = {
				BUNDLE_LOADER = "$(TEST_HOST)";
				CODE_SIGN_STYLE = Automatic;
				CURRENT_PROJECT_VERSION = 1;
				GENERATE_INFOPLIST_FILE = YES;
				IPHONEOS_DEPLOYMENT_TARGET = 18.2;
				MARKETING_VERSION = 1.0;
				PRODUCT_BUNDLE_IDENTIFIER = io.github.insectiscan.insectiscanTests;
				PRODUCT_NAME = "$(TARGET_NAME)";
				SWIFT_EMIT_LOC_STRINGS = NO;
				SWIFT_VERSION = 5.0;
				TARGETED_DEVICE_FAMILY = "1,2";
				TEST_HOST = "$(BUILT_PRODUCTS_DIR)/insectiscan.app/$(BUNDLE_EXECUTABLE_FOLDER_PATH)/insectiscan";
			};
			name = Release;
		};
		D12BE35C2D7E892E002C883B /* Debug */ = {
			isa = XCBuildConfiguration;
			buildSettings = {
				CODE_SIGN_STYLE = Automatic;
				CURRENT_PROJECT_VERSION = 1;
				GENERATE_INFOPLIST_FILE = YES;
				MARKETING_VERSION = 1.0;
				PRODUCT_BUNDLE_IDENTIFIER = io.github.insectiscan.insectiscanUITests;
				PRODUCT_NAME = "$(TARGET_NAME)";
				SWIFT_EMIT_LOC_STRINGS = NO;
				SWIFT_VERSION = 5.0;
				TARGETED_DEVICE_FAMILY = "1,2";
				TEST_TARGET_NAME = insectiscan;
			};
			name = Debug;
		};
		D12BE35D2D7E892E002C883B /* Release */ = {
			isa = XCBuildConfiguration;
			buildSettings = {
				CODE_SIGN_STYLE = Automatic;
				CURRENT_PROJECT_VERSION = 1;
				GENERATE_INFOPLIST_FILE = YES;
				MARKETING_VERSION = 1.0;
				PRODUCT_BUNDLE_IDENTIFIER = io.github.insectiscan.insectiscanUITests;
				PRODUCT_NAME = "$(TARGET_NAME)";
				SWIFT_EMIT_LOC_STRINGS = NO;
				SWIFT_VERSION = 5.0;
				TARGETED_DEVICE_FAMILY = "1,2";
				TEST_TARGET_NAME = insectiscan;
			};
			name = Release;
		};
/* End XCBuildConfiguration section */

/* Begin XCConfigurationList section */
		D12BE3252D7E892B002C883B /* Build configuration list for PBXProject "insectiscan" */ = {
			isa = XCConfigurationList;
			buildConfigurations = (
				D12BE3562D7E892E002C883B /* Debug */,
				D12BE3572D7E892E002C883B /* Release */,
			);
			defaultConfigurationIsVisible = 0;
			defaultConfigurationName = Release;
		};
		D12BE3532D7E892E002C883B /* Build configuration list for PBXNativeTarget "insectiscan" */ = {
			isa = XCConfigurationList;
			buildConfigurations = (
				D12BE3542D7E892E002C883B /* Debug */,
				D12BE3552D7E892E002C883B /* Release */,
			);
			defaultConfigurationIsVisible = 0;
			defaultConfigurationName = Release;
		};
		D12BE3582D7E892E002C883B /* Build configuration list for PBXNativeTarget "insectiscanTests" */ = {
			isa = XCConfigurationList;
			buildConfigurations = (
				D12BE3592D7E892E002C883B /* Debug */,
				D12BE35A2D7E892E002C883B /* Release */,
			);
			defaultConfigurationIsVisible = 0;
			defaultConfigurationName = Release;
		};
		D12BE35B2D7E892E002C883B /* Build configuration list for PBXNativeTarget "insectiscanUITests" */ = {
			isa = XCConfigurationList;
			buildConfigurations = (
				D12BE35C2D7E892E002C883B /* Debug */,
				D12BE35D2D7E892E002C883B /* Release */,
			);
			defaultConfigurationIsVisible = 0;
			defaultConfigurationName = Release;
		};
/* End XCConfigurationList section */
	};
	rootObject = D12BE3222D7E892B002C883B /* Project object */;
}
