// !$*UTF8*$!
{
	archiveVersion = 1;
	classes = {
	};
	objectVersion = 77;
	objects = {

/* Begin PBXBuildFile section */
		335732E5C8394B004A52D54C /* Pods_insectiscan.framework in Frameworks */ = {isa = PBXBuildFile; fileRef = 3C4F0DC1FA7308E78B4EFA04 /* Pods_insectiscan.framework */; };
		6AA8B934C533486F92BD95E6 /* Pods_insectiscan_insectiscanUITests.framework in Frameworks */ = {isa = PBXBuildFile; fileRef = FA22460AF50AB635D2DFA335 /* Pods_insectiscan_insectiscanUITests.framework */; };
		8998DF3E46C4BFAE053FCD38 /* Pods_insectiscanTests.framework in Frameworks */ = {isa = PBXBuildFile; fileRef = 64091208D50A14F33CC75FDA /* Pods_insectiscanTests.framework */; };
		CA0A146F2D9F680000FD1974 /* output_labels.txt in Resources */ = {isa = PBXBuildFile; fileRef = CA0A146E2D9F680000FD1974 /* output_labels.txt */; };
		CA0A14CD2D9F761300FD1974 /* converted_model.tflite in Resources */ = {isa = PBXBuildFile; fileRef = CA0A14CC2D9F761300FD1974 /* converted_model.tflite */; };
		D12BE36B2D7FC096002C883B /* MainTabBarController.swift in Sources */ = {isa = PBXBuildFile; fileRef = D12BE3612D7E89C1002C883B /* MainTabBarController.swift */; };
		D12BE36C2D7FC0A5002C883B /* CameraViewController.swift in Sources */ = {isa = PBXBuildFile; fileRef = D12BE3622D7E89D1002C883B /* CameraViewController.swift */; };
		D12BE36D2D7FC0AB002C883B /* ImagePreviewViewController.swift in Sources */ = {isa = PBXBuildFile; fileRef = D12BE3632D7E89DD002C883B /* ImagePreviewViewController.swift */; };
		D12BE36E2D7FC0B0002C883B /* RiskAssessmentViewController.swift in Sources */ = {isa = PBXBuildFile; fileRef = D12BE3642D7E89E8002C883B /* RiskAssessmentViewController.swift */; };
		D12BE36F2D7FC0B5002C883B /* MapViewController.swift in Sources */ = {isa = PBXBuildFile; fileRef = D12BE3662D7E8A0C002C883B /* MapViewController.swift */; };
		D12BE3702D7FC0BA002C883B /* CountryDetailViewController.swift in Sources */ = {isa = PBXBuildFile; fileRef = D12BE3672D7E8A18002C883B /* CountryDetailViewController.swift */; };
		D12BE3722D7FC0C4002C883B /* CountryCell.swift in Sources */ = {isa = PBXBuildFile; fileRef = D12BE3692D7E8A45002C883B /* CountryCell.swift */; };
		D12BE3732D7FC0C9002C883B /* Country.swift in Sources */ = {isa = PBXBuildFile; fileRef = D12BE36A2D7E8A50002C883B /* Country.swift */; };
		D12BE3752D7FD094002C883B /* UINavigationController+Transitions.swift in Sources */ = {isa = PBXBuildFile; fileRef = D12BE3742D7FD091002C883B /* UINavigationController+Transitions.swift */; };
		D12BE3772D7FD445002C883B /* AccountViewController.swift in Sources */ = {isa = PBXBuildFile; fileRef = D12BE3762D7FD437002C883B /* AccountViewController.swift */; };
/* End PBXBuildFile section */

/* Begin PBXContainerItemProxy section */
		D12BE3412D7E892E002C883B /* PBXContainerItemProxy */ = {
			isa = PBXContainerItemProxy;
			containerPortal = D12BE3222D7E892B002C883B /* Project object */;
			proxyType = 1;
			remoteGlobalIDString = D12BE3292D7E892B002C883B;
			remoteInfo = insectiscan;
		};
		D12BE34B2D7E892E002C883B /* PBXContainerItemProxy */ = {
			isa = PBXContainerItemProxy;
			containerPortal = D12BE3222D7E892B002C883B /* Project object */;
			proxyType = 1;
			remoteGlobalIDString = D12BE3292D7E892B002C883B;
			remoteInfo = insectiscan;
		};
/* End PBXContainerItemProxy section */

/* Begin PBXFileReference section */
		16AD19AB1E46B37C1BD3EE22 /* Pods-insectiscan-insectiscanUITests.release.xcconfig */ = {isa = PBXFileReference; includeInIndex = 1; lastKnownFileType = text.xcconfig; name = "Pods-insectiscan-insectiscanUITests.release.xcconfig"; path = "Target Support Files/Pods-insectiscan-insectiscanUITests/Pods-insectiscan-insectiscanUITests.release.xcconfig"; sourceTree = "<group>"; };
		2114B23022C24E85DD69A183 /* Pods-insectiscan.debug.xcconfig */ = {isa = PBXFileReference; includeInIndex = 1; lastKnownFileType = text.xcconfig; name = "Pods-insectiscan.debug.xcconfig"; path = "Target Support Files/Pods-insectiscan/Pods-insectiscan.debug.xcconfig"; sourceTree = "<group>"; };
		3C4F0DC1FA7308E78B4EFA04 /* Pods_insectiscan.framework */ = {isa = PBXFileReference; explicitFileType = wrapper.framework; includeInIndex = 0; path = Pods_insectiscan.framework; sourceTree = BUILT_PRODUCTS_DIR; };
		5359F19D7D1B796F17DDEBAA /* Pods-insectiscanTests.debug.xcconfig */ = {isa = PBXFileReference; includeInIndex = 1; lastKnownFileType = text.xcconfig; name = "Pods-insectiscanTests.debug.xcconfig"; path = "Target Support Files/Pods-insectiscanTests/Pods-insectiscanTests.debug.xcconfig"; sourceTree = "<group>"; };
		64091208D50A14F33CC75FDA /* Pods_insectiscanTests.framework */ = {isa = PBXFileReference; explicitFileType = wrapper.framework; includeInIndex = 0; path = Pods_insectiscanTests.framework; sourceTree = BUILT_PRODUCTS_DIR; };
		84C1C4CC9E8BB71E223BF305 /* Pods-insectiscan.release.xcconfig */ = {isa = PBXFileReference; includeInIndex = 1; lastKnownFileType = text.xcconfig; name = "Pods-insectiscan.release.xcconfig"; path = "Target Support Files/Pods-insectiscan/Pods-insectiscan.release.xcconfig"; sourceTree = "<group>"; };
		CA0A146E2D9F680000FD1974 /* output_labels.txt */ = {isa = PBXFileReference; lastKnownFileType = text; path = output_labels.txt; sourceTree = "<group>"; };
		CA0A14CC2D9F761300FD1974 /* converted_model.tflite */ = {isa = PBXFileReference; lastKnownFileType = file; path = converted_model.tflite; sourceTree = "<group>"; };
		D12BE32A2D7E892B002C883B /* insectiscan.app */ = {isa = PBXFileReference; explicitFileType = wrapper.application; includeInIndex = 0; path = insectiscan.app; sourceTree = BUILT_PRODUCTS_DIR; };
		D12BE3402D7E892E002C883B /* insectiscanTests.xctest */ = {isa = PBXFileReference; explicitFileType = wrapper.cfbundle; includeInIndex = 0; path = insectiscanTests.xctest; sourceTree = BUILT_PRODUCTS_DIR; };
		D12BE34A2D7E892E002C883B /* insectiscanUITests.xctest */ = {isa = PBXFileReference; explicitFileType = wrapper.cfbundle; includeInIndex = 0; path = insectiscanUITests.xctest; sourceTree = BUILT_PRODUCTS_DIR; };
		D12BE3612D7E89C1002C883B /* MainTabBarController.swift */ = {isa = PBXFileReference; lastKnownFileType = sourcecode.swift; path = MainTabBarController.swift; sourceTree = "<group>"; };
		D12BE3622D7E89D1002C883B /* CameraViewController.swift */ = {isa = PBXFileReference; lastKnownFileType = sourcecode.swift; path = CameraViewController.swift; sourceTree = "<group>"; };
		D12BE3632D7E89DD002C883B /* ImagePreviewViewController.swift */ = {isa = PBXFileReference; lastKnownFileType = sourcecode.swift; path = ImagePreviewViewController.swift; sourceTree = "<group>"; };
		D12BE3642D7E89E8002C883B /* RiskAssessmentViewController.swift */ = {isa = PBXFileReference; lastKnownFileType = sourcecode.swift; path = RiskAssessmentViewController.swift; sourceTree = "<group>"; };
		D12BE3662D7E8A0C002C883B /* MapViewController.swift */ = {isa = PBXFileReference; lastKnownFileType = sourcecode.swift; path = MapViewController.swift; sourceTree = "<group>"; };
		D12BE3672D7E8A18002C883B /* CountryDetailViewController.swift */ = {isa = PBXFileReference; lastKnownFileType = sourcecode.swift; path = CountryDetailViewController.swift; sourceTree = "<group>"; };
		D12BE3692D7E8A45002C883B /* CountryCell.swift */ = {isa = PBXFileReference; lastKnownFileType = sourcecode.swift; path = CountryCell.swift; sourceTree = "<group>"; };
		D12BE36A2D7E8A50002C883B /* Country.swift */ = {isa = PBXFileReference; lastKnownFileType = sourcecode.swift; path = Country.swift; sourceTree = "<group>"; };
		D12BE3742D7FD091002C883B /* UINavigationController+Transitions.swift */ = {isa = PBXFileReference; lastKnownFileType = sourcecode.swift; path = "UINavigationController+Transitions.swift"; sourceTree = "<group>"; };
		D12BE3762D7FD437002C883B /* AccountViewController.swift */ = {isa = PBXFileReference; lastKnownFileType = sourcecode.swift; path = AccountViewController.swift; sourceTree = "<group>"; };
		EB9867AF5324AD98B16C0EDF /* Pods-insectiscan-insectiscanUITests.debug.xcconfig */ = {isa = PBXFileReference; includeInIndex = 1; lastKnownFileType = text.xcconfig; name = "Pods-insectiscan-insectiscanUITests.debug.xcconfig"; path = "Target Support Files/Pods-insectiscan-insectiscanUITests/Pods-insectiscan-insectiscanUITests.debug.xcconfig"; sourceTree = "<group>"; };
		FA22460AF50AB635D2DFA335 /* Pods_insectiscan_insectiscanUITests.framework */ = {isa = PBXFileReference; explicitFileType = wrapper.framework; includeInIndex = 0; path = Pods_insectiscan_insectiscanUITests.framework; sourceTree = BUILT_PRODUCTS_DIR; };
		FF192F521E0907F2950E4722 /* Pods-insectiscanTests.release.xcconfig */ = {isa = PBXFileReference; includeInIndex = 1; lastKnownFileType = text.xcconfig; name = "Pods-insectiscanTests.release.xcconfig"; path = "Target Support Files/Pods-insectiscanTests/Pods-insectiscanTests.release.xcconfig"; sourceTree = "<group>"; };
/* End PBXFileReference section */

/* Begin PBXFileSystemSynchronizedBuildFileExceptionSet section */
		D12BE3522D7E892E002C883B /* Exceptions for "insectiscan" folder in "insectiscan" target */ = {
			isa = PBXFileSystemSynchronizedBuildFileExceptionSet;
			membershipExceptions = (
				Info.plist,
			);
			target = D12BE3292D7E892B002C883B /* insectiscan */;
		};
/* End PBXFileSystemSynchronizedBuildFileExceptionSet section */

/* Begin PBXFileSystemSynchronizedRootGroup section */
		D12BE32C2D7E892B002C883B /* insectiscan */ = {
			isa = PBXFileSystemSynchronizedRootGroup;
			exceptions = (
				D12BE3522D7E892E002C883B /* Exceptions for "insectiscan" folder in "insectiscan" target */,
			);
			path = insectiscan;
			sourceTree = "<group>";
		};
		D12BE3432D7E892E002C883B /* insectiscanTests */ = {
			isa = PBXFileSystemSynchronizedRootGroup;
			path = insectiscanTests;
			sourceTree = "<group>";
		};
		D12BE34D2D7E892E002C883B /* insectiscanUITests */ = {
			isa = PBXFileSystemSynchronizedRootGroup;
			path = insectiscanUITests;
			sourceTree = "<group>";
		};
/* End PBXFileSystemSynchronizedRootGroup section */

/* Begin PBXFrameworksBuildPhase section */
		D12BE3272D7E892B002C883B /* Frameworks */ = {
			isa = PBXFrameworksBuildPhase;
			buildActionMask = 2147483647;
			files = (
				335732E5C8394B004A52D54C /* Pods_insectiscan.framework in Frameworks */,
			);
			runOnlyForDeploymentPostprocessing = 0;
		};
		D12BE33D2D7E892E002C883B /* Frameworks */ = {
			isa = PBXFrameworksBuildPhase;
			buildActionMask = 2147483647;
			files = (
				8998DF3E46C4BFAE053FCD38 /* Pods_insectiscanTests.framework in Frameworks */,
			);
			runOnlyForDeploymentPostprocessing = 0;
		};
		D12BE3472D7E892E002C883B /* Frameworks */ = {
			isa = PBXFrameworksBuildPhase;
			buildActionMask = 2147483647;
			files = (
				6AA8B934C533486F92BD95E6 /* Pods_insectiscan_insectiscanUITests.framework in Frameworks */,
			);
			runOnlyForDeploymentPostprocessing = 0;
		};
/* End PBXFrameworksBuildPhase section */

/* Begin PBXGroup section */
		633078E3E7719C3FD20DAF37 /* Frameworks */ = {
			isa = PBXGroup;
			children = (
				3C4F0DC1FA7308E78B4EFA04 /* Pods_insectiscan.framework */,
				FA22460AF50AB635D2DFA335 /* Pods_insectiscan_insectiscanUITests.framework */,
				64091208D50A14F33CC75FDA /* Pods_insectiscanTests.framework */,
			);
			name = Frameworks;
			sourceTree = "<group>";
		};
		D12BE3212D7E892B002C883B = {
			isa = PBXGroup;
			children = (
				D12BE3602D7E89A4002C883B /* models */,
				D12BE35F2D7E899B002C883B /* viewsj */,
				D12BE35E2D7E8991002C883B /* controllers */,
				D12BE32C2D7E892B002C883B /* insectiscan */,
				D12BE3432D7E892E002C883B /* insectiscanTests */,
				D12BE34D2D7E892E002C883B /* insectiscanUITests */,
				D12BE32B2D7E892B002C883B /* Products */,
				E9CFDC5E51406252FB77AE62 /* Pods */,
				633078E3E7719C3FD20DAF37 /* Frameworks */,
			);
			sourceTree = "<group>";
		};
		D12BE32B2D7E892B002C883B /* Products */ = {
			isa = PBXGroup;
			children = (
				D12BE32A2D7E892B002C883B /* insectiscan.app */,
				D12BE3402D7E892E002C883B /* insectiscanTests.xctest */,
				D12BE34A2D7E892E002C883B /* insectiscanUITests.xctest */,
			);
			name = Products;
			sourceTree = "<group>";
		};
		D12BE35E2D7E8991002C883B /* controllers */ = {
			isa = PBXGroup;
			children = (
				D12BE3762D7FD437002C883B /* AccountViewController.swift */,
				D12BE3742D7FD091002C883B /* UINavigationController+Transitions.swift */,
				D12BE3672D7E8A18002C883B /* CountryDetailViewController.swift */,
				D12BE3662D7E8A0C002C883B /* MapViewController.swift */,
				D12BE3642D7E89E8002C883B /* RiskAssessmentViewController.swift */,
				D12BE3632D7E89DD002C883B /* ImagePreviewViewController.swift */,
				D12BE3622D7E89D1002C883B /* CameraViewController.swift */,
				D12BE3612D7E89C1002C883B /* MainTabBarController.swift */,
			);
			path = controllers;
			sourceTree = "<group>";
		};
		D12BE35F2D7E899B002C883B /* viewsj */ = {
			isa = PBXGroup;
			children = (
				D12BE3692D7E8A45002C883B /* CountryCell.swift */,
			);
			path = viewsj;
			sourceTree = "<group>";
		};
		D12BE3602D7E89A4002C883B /* models */ = {
			isa = PBXGroup;
			children = (
				CA0A14CC2D9F761300FD1974 /* converted_model.tflite */,
				CA0A146E2D9F680000FD1974 /* output_labels.txt */,
				D12BE36A2D7E8A50002C883B /* Country.swift */,
			);
			path = models;
			sourceTree = "<group>";
		};
		E9CFDC5E51406252FB77AE62 /* Pods */ = {
			isa = PBXGroup;
			children = (
				2114B23022C24E85DD69A183 /* Pods-insectiscan.debug.xcconfig */,
				84C1C4CC9E8BB71E223BF305 /* Pods-insectiscan.release.xcconfig */,
				EB9867AF5324AD98B16C0EDF /* Pods-insectiscan-insectiscanUITests.debug.xcconfig */,
				16AD19AB1E46B37C1BD3EE22 /* Pods-insectiscan-insectiscanUITests.release.xcconfig */,
				5359F19D7D1B796F17DDEBAA /* Pods-insectiscanTests.debug.xcconfig */,
				FF192F521E0907F2950E4722 /* Pods-insectiscanTests.release.xcconfig */,
			);
			path = Pods;
			sourceTree = "<group>";
		};
/* End PBXGroup section */

/* Begin PBXNativeTarget section */
		D12BE3292D7E892B002C883B /* insectiscan */ = {
			isa = PBXNativeTarget;
			buildConfigurationList = D12BE3532D7E892E002C883B /* Build configuration list for PBXNativeTarget "insectiscan" */;
			buildPhases = (
				B6C891CA8BCBA95AF1C7DEAE /* [CP] Check Pods Manifest.lock */,
				D12BE3262D7E892B002C883B /* Sources */,
				D12BE3272D7E892B002C883B /* Frameworks */,
				D12BE3282D7E892B002C883B /* Resources */,
			);
			buildRules = (
			);
			dependencies = (
			);
			fileSystemSynchronizedGroups = (
				D12BE32C2D7E892B002C883B /* insectiscan */,
			);
			name = insectiscan;
			productName = insectiscan;
			productReference = D12BE32A2D7E892B002C883B /* insectiscan.app */;
			productType = "com.apple.product-type.application";
		};
		D12BE33F2D7E892E002C883B /* insectiscanTests */ = {
			isa = PBXNativeTarget;
			buildConfigurationList = D12BE3582D7E892E002C883B /* Build configuration list for PBXNativeTarget "insectiscanTests" */;
			buildPhases = (
				794CB16FC3DCD0AB5570C425 /* [CP] Check Pods Manifest.lock */,
				D12BE33C2D7E892E002C883B /* Sources */,
				D12BE33D2D7E892E002C883B /* Frameworks */,
				D12BE33E2D7E892E002C883B /* Resources */,
			);
			buildRules = (
			);
			dependencies = (
				D12BE3422D7E892E002C883B /* PBXTargetDependency */,
			);
			fileSystemSynchronizedGroups = (
				D12BE3432D7E892E002C883B /* insectiscanTests */,
			);
			name = insectiscanTests;
			productName = insectiscanTests;
			productReference = D12BE3402D7E892E002C883B /* insectiscanTests.xctest */;
			productType = "com.apple.product-type.bundle.unit-test";
		};
		D12BE3492D7E892E002C883B /* insectiscanUITests */ = {
			isa = PBXNativeTarget;
			buildConfigurationList = D12BE35B2D7E892E002C883B /* Build configuration list for PBXNativeTarget "insectiscanUITests" */;
			buildPhases = (
				737B893810CC780F04D4E230 /* [CP] Check Pods Manifest.lock */,
				D12BE3462D7E892E002C883B /* Sources */,
				D12BE3472D7E892E002C883B /* Frameworks */,
				D12BE3482D7E892E002C883B /* Resources */,
			);
			buildRules = (
			);
			dependencies = (
				D12BE34C2D7E892E002C883B /* PBXTargetDependency */,
			);
			fileSystemSynchronizedGroups = (
				D12BE34D2D7E892E002C883B /* insectiscanUITests */,
			);
			name = insectiscanUITests;
			productName = insectiscanUITests;
			productReference = D12BE34A2D7E892E002C883B /* insectiscanUITests.xctest */;
			productType = "com.apple.product-type.bundle.ui-testing";
		};
/* End PBXNativeTarget section */

/* Begin PBXProject section */
		D12BE3222D7E892B002C883B /* Project object */ = {
			isa = PBXProject;
			attributes = {
				BuildIndependentTargetsInParallel = 1;
				LastSwiftUpdateCheck = 1620;
				LastUpgradeCheck = 1620;
				TargetAttributes = {
					D12BE3292D7E892B002C883B = {
						CreatedOnToolsVersion = 16.2;
					};
					D12BE33F2D7E892E002C883B = {
						CreatedOnToolsVersion = 16.2;
						TestTargetID = D12BE3292D7E892B002C883B;
					};
					D12BE3492D7E892E002C883B = {
						CreatedOnToolsVersion = 16.2;
						TestTargetID = D12BE3292D7E892B002C883B;
					};
				};
			};
			buildConfigurationList = D12BE3252D7E892B002C883B /* Build configuration list for PBXProject "insectiscan" */;
			developmentRegion = en;
			hasScannedForEncodings = 0;
			knownRegions = (
				en,
				Base,
			);
			mainGroup = D12BE3212D7E892B002C883B;
			minimizedProjectReferenceProxies = 1;
			packageReferences = (
				CA83B85F2D9F04A100124197 /* XCRemoteSwiftPackageReference "tensorflow" */,
			);
			preferredProjectObjectVersion = 77;
			productRefGroup = D12BE32B2D7E892B002C883B /* Products */;
			projectDirPath = "";
			projectRoot = "";
			targets = (
				D12BE3292D7E892B002C883B /* insectiscan */,
				D12BE33F2D7E892E002C883B /* insectiscanTests */,
				D12BE3492D7E892E002C883B /* insectiscanUITests */,
			);
		};
/* End PBXProject section */

/* Begin PBXResourcesBuildPhase section */
		D12BE3282D7E892B002C883B /* Resources */ = {
			isa = PBXResourcesBuildPhase;
			buildActionMask = 2147483647;
			files = (
				CA0A14CD2D9F761300FD1974 /* converted_model.tflite in Resources */,
				CA0A146F2D9F680000FD1974 /* output_labels.txt in Resources */,
			);
			runOnlyForDeploymentPostprocessing = 0;
		};
		D12BE33E2D7E892E002C883B /* Resources */ = {
			isa = PBXResourcesBuildPhase;
			buildActionMask = 2147483647;
			files = (
			);
			runOnlyForDeploymentPostprocessing = 0;
		};
		D12BE3482D7E892E002C883B /* Resources */ = {
			isa = PBXResourcesBuildPhase;
			buildActionMask = 2147483647;
			files = (
			);
			runOnlyForDeploymentPostprocessing = 0;
		};
/* End PBXResourcesBuildPhase section */

/* Begin PBXShellScriptBuildPhase section */
		737B893810CC780F04D4E230 /* [CP] Check Pods Manifest.lock */ = {
			isa = PBXShellScriptBuildPhase;
			buildActionMask = 2147483647;
			files = (
			);
			inputFileListPaths = (
			);
			inputPaths = (
				"${PODS_PODFILE_DIR_PATH}/Podfile.lock",
				"${PODS_ROOT}/Manifest.lock",
			);
			name = "[CP] Check Pods Manifest.lock";
			outputFileListPaths = (
			);
			outputPaths = (
				"$(DERIVED_FILE_DIR)/Pods-insectiscan-insectiscanUITests-checkManifestLockResult.txt",
			);
			runOnlyForDeploymentPostprocessing = 0;
			shellPath = /bin/sh;
			shellScript = "diff \"${PODS_PODFILE_DIR_PATH}/Podfile.lock\" \"${PODS_ROOT}/Manifest.lock\" > /dev/null\nif [ $? != 0 ] ; then\n    # print error to STDERR\n    echo \"error: The sandbox is not in sync with the Podfile.lock. Run 'pod install' or update your CocoaPods installation.\" >&2\n    exit 1\nfi\n# This output is used by Xcode 'outputs' to avoid re-running this script phase.\necho \"SUCCESS\" > \"${SCRIPT_OUTPUT_FILE_0}\"\n";
			showEnvVarsInLog = 0;
		};
		794CB16FC3DCD0AB5570C425 /* [CP] Check Pods Manifest.lock */ = {
			isa = PBXShellScriptBuildPhase;
			buildActionMask = 2147483647;
			files = (
			);
			inputFileListPaths = (
			);
			inputPaths = (
				"${PODS_PODFILE_DIR_PATH}/Podfile.lock",
				"${PODS_ROOT}/Manifest.lock",
			);
			name = "[CP] Check Pods Manifest.lock";
			outputFileListPaths = (
			);
			outputPaths = (
				"$(DERIVED_FILE_DIR)/Pods-insectiscanTests-checkManifestLockResult.txt",
			);
			runOnlyForDeploymentPostprocessing = 0;
			shellPath = /bin/sh;
			shellScript = "diff \"${PODS_PODFILE_DIR_PATH}/Podfile.lock\" \"${PODS_ROOT}/Manifest.lock\" > /dev/null\nif [ $? != 0 ] ; then\n    # print error to STDERR\n    echo \"error: The sandbox is not in sync with the Podfile.lock. Run 'pod install' or update your CocoaPods installation.\" >&2\n    exit 1\nfi\n# This output is used by Xcode 'outputs' to avoid re-running this script phase.\necho \"SUCCESS\" > \"${SCRIPT_OUTPUT_FILE_0}\"\n";
			showEnvVarsInLog = 0;
		};
		B6C891CA8BCBA95AF1C7DEAE /* [CP] Check Pods Manifest.lock */ = {
			isa = PBXShellScriptBuildPhase;
			buildActionMask = 2147483647;
			files = (
			);
			inputFileListPaths = (
			);
			inputPaths = (
				"${PODS_PODFILE_DIR_PATH}/Podfile.lock",
				"${PODS_ROOT}/Manifest.lock",
			);
			name = "[CP] Check Pods Manifest.lock";
			outputFileListPaths = (
			);
			outputPaths = (
				"$(DERIVED_FILE_DIR)/Pods-insectiscan-checkManifestLockResult.txt",
			);
			runOnlyForDeploymentPostprocessing = 0;
			shellPath = /bin/sh;
			shellScript = "diff \"${PODS_PODFILE_DIR_PATH}/Podfile.lock\" \"${PODS_ROOT}/Manifest.lock\" > /dev/null\nif [ $? != 0 ] ; then\n    # print error to STDERR\n    echo \"error: The sandbox is not in sync with the Podfile.lock. Run 'pod install' or update your CocoaPods installation.\" >&2\n    exit 1\nfi\n# This output is used by Xcode 'outputs' to avoid re-running this script phase.\necho \"SUCCESS\" > \"${SCRIPT_OUTPUT_FILE_0}\"\n";
			showEnvVarsInLog = 0;
		};
/* End PBXShellScriptBuildPhase section */

/* Begin PBXSourcesBuildPhase section */
		D12BE3262D7E892B002C883B /* Sources */ = {
			isa = PBXSourcesBuildPhase;
			buildActionMask = 2147483647;
			files = (
				D12BE36E2D7FC0B0002C883B /* RiskAssessmentViewController.swift in Sources */,
				D12BE3772D7FD445002C883B /* AccountViewController.swift in Sources */,
				D12BE36C2D7FC0A5002C883B /* CameraViewController.swift in Sources */,
				D12BE3732D7FC0C9002C883B /* Country.swift in Sources */,
				D12BE3722D7FC0C4002C883B /* CountryCell.swift in Sources */,
				D12BE36B2D7FC096002C883B /* MainTabBarController.swift in Sources */,
				D12BE36D2D7FC0AB002C883B /* ImagePreviewViewController.swift in Sources */,
				D12BE3702D7FC0BA002C883B /* CountryDetailViewController.swift in Sources */,
				D12BE3752D7FD094002C883B /* UINavigationController+Transitions.swift in Sources */,
				D12BE36F2D7FC0B5002C883B /* MapViewController.swift in Sources */,
			);
			runOnlyForDeploymentPostprocessing = 0;
		};
		D12BE33C2D7E892E002C883B /* Sources */ = {
			isa = PBXSourcesBuildPhase;
			buildActionMask = 2147483647;
			files = (
			);
			runOnlyForDeploymentPostprocessing = 0;
		};
		D12BE3462D7E892E002C883B /* Sources */ = {
			isa = PBXSourcesBuildPhase;
			buildActionMask = 2147483647;
			files = (
			);
			runOnlyForDeploymentPostprocessing = 0;
		};
/* End PBXSourcesBuildPhase section */

/* Begin PBXTargetDependency section */
		D12BE3422D7E892E002C883B /* PBXTargetDependency */ = {
			isa = PBXTargetDependency;
			target = D12BE3292D7E892B002C883B /* insectiscan */;
			targetProxy = D12BE3412D7E892E002C883B /* PBXContainerItemProxy */;
		};
		D12BE34C2D7E892E002C883B /* PBXTargetDependency */ = {
			isa = PBXTargetDependency;
			target = D12BE3292D7E892B002C883B /* insectiscan */;
			targetProxy = D12BE34B2D7E892E002C883B /* PBXContainerItemProxy */;
		};
/* End PBXTargetDependency section */

/* Begin XCBuildConfiguration section */
		D12BE3542D7E892E002C883B /* Debug */ = {
			isa = XCBuildConfiguration;
			baseConfigurationReference = 2114B23022C24E85DD69A183 /* Pods-insectiscan.debug.xcconfig */;
			buildSettings = {
				ASSETCATALOG_COMPILER_APPICON_NAME = AppIcon;
				ASSETCATALOG_COMPILER_GLOBAL_ACCENT_COLOR_NAME = AccentColor;
				CODE_SIGN_STYLE = Automatic;
				CURRENT_PROJECT_VERSION = 1;
				GENERATE_INFOPLIST_FILE = YES;
				INFOPLIST_FILE = insectiscan/Info.plist;
				INFOPLIST_KEY_UIApplicationSupportsIndirectInputEvents = YES;
				INFOPLIST_KEY_UILaunchStoryboardName = LaunchScreen;
				INFOPLIST_KEY_UIMainStoryboardFile = Main;
				INFOPLIST_KEY_UISupportedInterfaceOrientations_iPad = "UIInterfaceOrientationPortrait UIInterfaceOrientationPortraitUpsideDown UIInterfaceOrientationLandscapeLeft UIInterfaceOrientationLandscapeRight";
				INFOPLIST_KEY_UISupportedInterfaceOrientations_iPhone = "UIInterfaceOrientationPortrait UIInterfaceOrientationLandscapeLeft UIInterfaceOrientationLandscapeRight";
				LD_RUNPATH_SEARCH_PATHS = (
					"$(inherited)",
					"@executable_path/Frameworks",
				);
				MARKETING_VERSION = 1.0;
				PRODUCT_BUNDLE_IDENTIFIER = io.github.insectiscan.insectiscan;
				PRODUCT_NAME = "$(TARGET_NAME)";
				SWIFT_EMIT_LOC_STRINGS = YES;
				SWIFT_VERSION = 5.0;
				TARGETED_DEVICE_FAMILY = "1,2";
			};
			name = Debug;
		};
		D12BE3552D7E892E002C883B /* Release */ = {
			isa = XCBuildConfiguration;
			baseConfigurationReference = 84C1C4CC9E8BB71E223BF305 /* Pods-insectiscan.release.xcconfig */;
			buildSettings = {
				ASSETCATALOG_COMPILER_APPICON_NAME = AppIcon;
				ASSETCATALOG_COMPILER_GLOBAL_ACCENT_COLOR_NAME = AccentColor;
				CODE_SIGN_STYLE = Automatic;
				CURRENT_PROJECT_VERSION = 1;
				GENERATE_INFOPLIST_FILE = YES;
				INFOPLIST_FILE = insectiscan/Info.plist;
				INFOPLIST_KEY_UIApplicationSupportsIndirectInputEvents = YES;
				INFOPLIST_KEY_UILaunchStoryboardName = LaunchScreen;
				INFOPLIST_KEY_UIMainStoryboardFile = Main;
				INFOPLIST_KEY_UISupportedInterfaceOrientations_iPad = "UIInterfaceOrientationPortrait UIInterfaceOrientationPortraitUpsideDown UIInterfaceOrientationLandscapeLeft UIInterfaceOrientationLandscapeRight";
				INFOPLIST_KEY_UISupportedInterfaceOrientations_iPhone = "UIInterfaceOrientationPortrait UIInterfaceOrientationLandscapeLeft UIInterfaceOrientationLandscapeRight";
				LD_RUNPATH_SEARCH_PATHS = (
					"$(inherited)",
					"@executable_path/Frameworks",
				);
				MARKETING_VERSION = 1.0;
				PRODUCT_BUNDLE_IDENTIFIER = io.github.insectiscan.insectiscan;
				PRODUCT_NAME = "$(TARGET_NAME)";
				SWIFT_EMIT_LOC_STRINGS = YES;
				SWIFT_VERSION = 5.0;
				TARGETED_DEVICE_FAMILY = "1,2";
			};
			name = Release;
		};
		D12BE3562D7E892E002C883B /* Debug */ = {
			isa = XCBuildConfiguration;
			buildSettings = {
				ALWAYS_SEARCH_USER_PATHS = NO;
				ASSETCATALOG_COMPILER_GENERATE_SWIFT_ASSET_SYMBOL_EXTENSIONS = YES;
				CLANG_ANALYZER_NONNULL = YES;
				CLANG_ANALYZER_NUMBER_OBJECT_CONVERSION = YES_AGGRESSIVE;
				CLANG_CXX_LANGUAGE_STANDARD = "gnu++20";
				CLANG_ENABLE_MODULES = YES;
				CLANG_ENABLE_OBJC_ARC = YES;
				CLANG_ENABLE_OBJC_WEAK = YES;
				CLANG_WARN_BLOCK_CAPTURE_AUTORELEASING = YES;
				CLANG_WARN_BOOL_CONVERSION = YES;
				CLANG_WARN_COMMA = YES;
				CLANG_WARN_CONSTANT_CONVERSION = YES;
				CLANG_WARN_DEPRECATED_OBJC_IMPLEMENTATIONS = YES;
				CLANG_WARN_DIRECT_OBJC_ISA_USAGE = YES_ERROR;
				CLANG_WARN_DOCUMENTATION_COMMENTS = YES;
				CLANG_WARN_EMPTY_BODY = YES;
				CLANG_WARN_ENUM_CONVERSION = YES;
				CLANG_WARN_INFINITE_RECURSION = YES;
				CLANG_WARN_INT_CONVERSION = YES;
				CLANG_WARN_NON_LITERAL_NULL_CONVERSION = YES;
				CLANG_WARN_OBJC_IMPLICIT_RETAIN_SELF = YES;
				CLANG_WARN_OBJC_LITERAL_CONVERSION = YES;
				CLANG_WARN_OBJC_ROOT_CLASS = YES_ERROR;
				CLANG_WARN_QUOTED_INCLUDE_IN_FRAMEWORK_HEADER = YES;
				CLANG_WARN_RANGE_LOOP_ANALYSIS = YES;
				CLANG_WARN_STRICT_PROTOTYPES = YES;
				CLANG_WARN_SUSPICIOUS_MOVE = YES;
				CLANG_WARN_UNGUARDED_AVAILABILITY = YES_AGGRESSIVE;
				CLANG_WARN_UNREACHABLE_CODE = YES;
				CLANG_WARN__DUPLICATE_METHOD_MATCH = YES;
				COPY_PHASE_STRIP = NO;
				DEBUG_INFORMATION_FORMAT = dwarf;
				ENABLE_STRICT_OBJC_MSGSEND = YES;
				ENABLE_TESTABILITY = YES;
				ENABLE_USER_SCRIPT_SANDBOXING = YES;
				GCC_C_LANGUAGE_STANDARD = gnu17;
				GCC_DYNAMIC_NO_PIC = NO;
				GCC_NO_COMMON_BLOCKS = YES;
				GCC_OPTIMIZATION_LEVEL = 0;
				GCC_PREPROCESSOR_DEFINITIONS = (
					"DEBUG=1",
					"$(inherited)",
				);
				GCC_WARN_64_TO_32_BIT_CONVERSION = YES;
				GCC_WARN_ABOUT_RETURN_TYPE = YES_ERROR;
				GCC_WARN_UNDECLARED_SELECTOR = YES;
				GCC_WARN_UNINITIALIZED_AUTOS = YES_AGGRESSIVE;
				GCC_WARN_UNUSED_FUNCTION = YES;
				GCC_WARN_UNUSED_VARIABLE = YES;
				IPHONEOS_DEPLOYMENT_TARGET = 18.2;
				LOCALIZATION_PREFERS_STRING_CATALOGS = YES;
				MTL_ENABLE_DEBUG_INFO = INCLUDE_SOURCE;
				MTL_FAST_MATH = YES;
				ONLY_ACTIVE_ARCH = YES;
				SDKROOT = iphoneos;
				SWIFT_ACTIVE_COMPILATION_CONDITIONS = "DEBUG $(inherited)";
				SWIFT_OPTIMIZATION_LEVEL = "-Onone";
			};
			name = Debug;
		};
		D12BE3572D7E892E002C883B /* Release */ = {
			isa = XCBuildConfiguration;
			buildSettings = {
				ALWAYS_SEARCH_USER_PATHS = NO;
				ASSETCATALOG_COMPILER_GENERATE_SWIFT_ASSET_SYMBOL_EXTENSIONS = YES;
				CLANG_ANALYZER_NONNULL = YES;
				CLANG_ANALYZER_NUMBER_OBJECT_CONVERSION = YES_AGGRESSIVE;
				CLANG_CXX_LANGUAGE_STANDARD = "gnu++20";
				CLANG_ENABLE_MODULES = YES;
				CLANG_ENABLE_OBJC_ARC = YES;
				CLANG_ENABLE_OBJC_WEAK = YES;
				CLANG_WARN_BLOCK_CAPTURE_AUTORELEASING = YES;
				CLANG_WARN_BOOL_CONVERSION = YES;
				CLANG_WARN_COMMA = YES;
				CLANG_WARN_CONSTANT_CONVERSION = YES;
				CLANG_WARN_DEPRECATED_OBJC_IMPLEMENTATIONS = YES;
				CLANG_WARN_DIRECT_OBJC_ISA_USAGE = YES_ERROR;
				CLANG_WARN_DOCUMENTATION_COMMENTS = YES;
				CLANG_WARN_EMPTY_BODY = YES;
				CLANG_WARN_ENUM_CONVERSION = YES;
				CLANG_WARN_INFINITE_RECURSION = YES;
				CLANG_WARN_INT_CONVERSION = YES;
				CLANG_WARN_NON_LITERAL_NULL_CONVERSION = YES;
				CLANG_WARN_OBJC_IMPLICIT_RETAIN_SELF = YES;
				CLANG_WARN_OBJC_LITERAL_CONVERSION = YES;
				CLANG_WARN_OBJC_ROOT_CLASS = YES_ERROR;
				CLANG_WARN_QUOTED_INCLUDE_IN_FRAMEWORK_HEADER = YES;
				CLANG_WARN_RANGE_LOOP_ANALYSIS = YES;
				CLANG_WARN_STRICT_PROTOTYPES = YES;
				CLANG_WARN_SUSPICIOUS_MOVE = YES;
				CLANG_WARN_UNGUARDED_AVAILABILITY = YES_AGGRESSIVE;
				CLANG_WARN_UNREACHABLE_CODE = YES;
				CLANG_WARN__DUPLICATE_METHOD_MATCH = YES;
				COPY_PHASE_STRIP = NO;
				DEBUG_INFORMATION_FORMAT = "dwarf-with-dsym";
				ENABLE_NS_ASSERTIONS = NO;
				ENABLE_STRICT_OBJC_MSGSEND = YES;
				ENABLE_USER_SCRIPT_SANDBOXING = YES;
				GCC_C_LANGUAGE_STANDARD = gnu17;
				GCC_NO_COMMON_BLOCKS = YES;
				GCC_WARN_64_TO_32_BIT_CONVERSION = YES;
				GCC_WARN_ABOUT_RETURN_TYPE = YES_ERROR;
				GCC_WARN_UNDECLARED_SELECTOR = YES;
				GCC_WARN_UNINITIALIZED_AUTOS = YES_AGGRESSIVE;
				GCC_WARN_UNUSED_FUNCTION = YES;
				GCC_WARN_UNUSED_VARIABLE = YES;
				IPHONEOS_DEPLOYMENT_TARGET = 18.2;
				LOCALIZATION_PREFERS_STRING_CATALOGS = YES;
				MTL_ENABLE_DEBUG_INFO = NO;
				MTL_FAST_MATH = YES;
				SDKROOT = iphoneos;
				SWIFT_COMPILATION_MODE = wholemodule;
				VALIDATE_PRODUCT = YES;
			};
			name = Release;
		};
		D12BE3592D7E892E002C883B /* Debug */ = {
			isa = XCBuildConfiguration;
			baseConfigurationReference = 5359F19D7D1B796F17DDEBAA /* Pods-insectiscanTests.debug.xcconfig */;
			buildSettings = {
				BUNDLE_LOADER = "$(TEST_HOST)";
				CODE_SIGN_STYLE = Automatic;
				CURRENT_PROJECT_VERSION = 1;
				GENERATE_INFOPLIST_FILE = YES;
				IPHONEOS_DEPLOYMENT_TARGET = 18.2;
				MARKETING_VERSION = 1.0;
				PRODUCT_BUNDLE_IDENTIFIER = io.github.insectiscan.insectiscanTests;
				PRODUCT_NAME = "$(TARGET_NAME)";
				SWIFT_EMIT_LOC_STRINGS = NO;
				SWIFT_VERSION = 5.0;
				TARGETED_DEVICE_FAMILY = "1,2";
				TEST_HOST = "$(BUILT_PRODUCTS_DIR)/insectiscan.app/$(BUNDLE_EXECUTABLE_FOLDER_PATH)/insectiscan";
			};
			name = Debug;
		};
		D12BE35A2D7E892E002C883B /* Release */ = {
			isa = XCBuildConfiguration;
			baseConfigurationReference = FF192F521E0907F2950E4722 /* Pods-insectiscanTests.release.xcconfig */;
			buildSettings = {
				BUNDLE_LOADER = "$(TEST_HOST)";
				CODE_SIGN_STYLE = Automatic;
				CURRENT_PROJECT_VERSION = 1;
				GENERATE_INFOPLIST_FILE = YES;
				IPHONEOS_DEPLOYMENT_TARGET = 18.2;
				MARKETING_VERSION = 1.0;
				PRODUCT_BUNDLE_IDENTIFIER = io.github.insectiscan.insectiscanTests;
				PRODUCT_NAME = "$(TARGET_NAME)";
				SWIFT_EMIT_LOC_STRINGS = NO;
				SWIFT_VERSION = 5.0;
				TARGETED_DEVICE_FAMILY = "1,2";
				TEST_HOST = "$(BUILT_PRODUCTS_DIR)/insectiscan.app/$(BUNDLE_EXECUTABLE_FOLDER_PATH)/insectiscan";
			};
			name = Release;
		};
		D12BE35C2D7E892E002C883B /* Debug */ = {
			isa = XCBuildConfiguration;
			baseConfigurationReference = EB9867AF5324AD98B16C0EDF /* Pods-insectiscan-insectiscanUITests.debug.xcconfig */;
			buildSettings = {
				CODE_SIGN_STYLE = Automatic;
				CURRENT_PROJECT_VERSION = 1;
				GENERATE_INFOPLIST_FILE = YES;
				MARKETING_VERSION = 1.0;
				PRODUCT_BUNDLE_IDENTIFIER = io.github.insectiscan.insectiscanUITests;
				PRODUCT_NAME = "$(TARGET_NAME)";
				SWIFT_EMIT_LOC_STRINGS = NO;
				SWIFT_VERSION = 5.0;
				TARGETED_DEVICE_FAMILY = "1,2";
				TEST_TARGET_NAME = insectiscan;
			};
			name = Debug;
		};
		D12BE35D2D7E892E002C883B /* Release */ = {
			isa = XCBuildConfiguration;
			baseConfigurationReference = 16AD19AB1E46B37C1BD3EE22 /* Pods-insectiscan-insectiscanUITests.release.xcconfig */;
			buildSettings = {
				CODE_SIGN_STYLE = Automatic;
				CURRENT_PROJECT_VERSION = 1;
				GENERATE_INFOPLIST_FILE = YES;
				MARKETING_VERSION = 1.0;
				PRODUCT_BUNDLE_IDENTIFIER = io.github.insectiscan.insectiscanUITests;
				PRODUCT_NAME = "$(TARGET_NAME)";
				SWIFT_EMIT_LOC_STRINGS = NO;
				SWIFT_VERSION = 5.0;
				TARGETED_DEVICE_FAMILY = "1,2";
				TEST_TARGET_NAME = insectiscan;
			};
			name = Release;
		};
/* End XCBuildConfiguration section */

/* Begin XCConfigurationList section */
		D12BE3252D7E892B002C883B /* Build configuration list for PBXProject "insectiscan" */ = {
			isa = XCConfigurationList;
			buildConfigurations = (
				D12BE3562D7E892E002C883B /* Debug */,
				D12BE3572D7E892E002C883B /* Release */,
			);
			defaultConfigurationIsVisible = 0;
			defaultConfigurationName = Release;
		};
		D12BE3532D7E892E002C883B /* Build configuration list for PBXNativeTarget "insectiscan" */ = {
			isa = XCConfigurationList;
			buildConfigurations = (
				D12BE3542D7E892E002C883B /* Debug */,
				D12BE3552D7E892E002C883B /* Release */,
			);
			defaultConfigurationIsVisible = 0;
			defaultConfigurationName = Release;
		};
		D12BE3582D7E892E002C883B /* Build configuration list for PBXNativeTarget "insectiscanTests" */ = {
			isa = XCConfigurationList;
			buildConfigurations = (
				D12BE3592D7E892E002C883B /* Debug */,
				D12BE35A2D7E892E002C883B /* Release */,
			);
			defaultConfigurationIsVisible = 0;
			defaultConfigurationName = Release;
		};
		D12BE35B2D7E892E002C883B /* Build configuration list for PBXNativeTarget "insectiscanUITests" */ = {
			isa = XCConfigurationList;
			buildConfigurations = (
				D12BE35C2D7E892E002C883B /* Debug */,
				D12BE35D2D7E892E002C883B /* Release */,
			);
			defaultConfigurationIsVisible = 0;
			defaultConfigurationName = Release;
		};
/* End XCConfigurationList section */

/* Begin XCRemoteSwiftPackageReference section */
		CA83B85F2D9F04A100124197 /* XCRemoteSwiftPackageReference "tensorflow" */ = {
			isa = XCRemoteSwiftPackageReference;
			repositoryURL = "https://github.com/tensorflow/tensorflow.git";
			requirement = {
				kind = upToNextMajorVersion;
				minimumVersion = 0.12.1;
			};
		};
/* End XCRemoteSwiftPackageReference section */
	};
	rootObject = D12BE3222D7E892B002C883B /* Project object */;
}
